{
  "originHash" : "6a9fc2e0c2b242948acc7bae02b7ed4178f53dabf2a4ccfbaab628edc3a7368b",
  "pins" : [
    {
      "identity" : "swift-syntax",
      "kind" : "remoteSourceControl",
      "location" : "https://github.com/apple/swift-syntax.git",
      "state" : {
        "revision" : "74c759fe021b87849501af3808ef24fcba8dfff3",
        "version" : "600.0.0-prerelease-2024-06-04"
      }
    },
    {
      "identity" : "swift-testing",
      "kind" : "remoteSourceControl",
      "location" : "https://github.com/apple/swift-testing",
      "state" : {
        "branch" : "main",
        "revision" : "dd6e12b9979cfd05c45e09c0d4440eb071f6f0f8"
      }
    }
  ],
  "version" : 3
}
